
Microsoft Visual Studio Solution File, Format Version 12.00
# Visual Studio 15
VisualStudioVersion = 15.0.28307.1082
MinimumVisualStudioVersion = 10.0.40219.1
Project("{FAE04EC0-301F-11D3-BF4B-00C04F79EFBC}") = "Fanni_Kalkulator", "Fanni_Kalkulator\Fanni_Kalkulator.csproj", "{D34CF044-52E4-4C17-91F8-8B041A941774}"
EndProject
Global
	GlobalSection(SolutionConfigurationPlatforms) = preSolution
		Debug|Any CPU = Debug|Any CPU
		Release|Any CPU = Release|Any CPU
	EndGlobalSection
	GlobalSection(ProjectConfigurationPlatforms) = postSolution
		{D34CF044-52E4-4C17-91F8-8B041A941774}.Debug|Any CPU.ActiveCfg = Debug|Any CPU
		{D34CF044-52E4-4C17-91F8-8B041A941774}.Debug|Any CPU.Build.0 = Debug|Any CPU
		{D34CF044-52E4-4C17-91F8-8B041A941774}.Release|Any CPU.ActiveCfg = Release|Any CPU
		{D34CF044-52E4-4C17-91F8-8B041A941774}.Release|Any CPU.Build.0 = Release|Any CPU
	EndGlobalSection
	GlobalSection(SolutionProperties) = preSolution
		HideSolutionNode = FALSE
	EndGlobalSection
	GlobalSection(ExtensibilityGlobals) = postSolution
		SolutionGuid = {4EFF82F9-7671-4C3D-86B4-C4C68FD7E160}
	EndGlobalSection
EndGlobal
